
Microsoft Visual Studio Solution File, Format Version 12.00
# Visual Studio Version 17
VisualStudioVersion = 17.14.36603.0
MinimumVisualStudioVersion = 10.0.40219.1
Project("{8BC9CEB8-8B4A-11D0-8D11-00A0C91BC942}") = "Sandbox", "Sandbox\Sandbox.vcxproj", "{79831B2F-A722-40CF-A0A5-CB2F5A451A88}"
EndProject
Project("{8BC9CEB8-8B4A-11D0-8D11-00A0C91BC942}") = "ATaska", "ATaska\ATaska.vcxproj", "{7252827A-6C45-4BA8-B2A7-9C2FEF64904A}"
EndProject
Global
	GlobalSection(SolutionConfigurationPlatforms) = preSolution
		Debug|x64 = Debug|x64
		Release|x64 = Release|x64
	EndGlobalSection
	GlobalSection(ProjectConfigurationPlatforms) = postSolution
		{7252827A-6C45-4BA8-B2A7-9C2FEF64904A}.Debug|x64.ActiveCfg = Debug|x64
		{7252827A-6C45-4BA8-B2A7-9C2FEF64904A}.Debug|x64.Build.0 = Debug|x64
		{7252827A-6C45-4BA8-B2A7-9C2FEF64904A}.Release|x64.ActiveCfg = Release|x64
		{7252827A-6C45-4BA8-B2A7-9C2FEF64904A}.Release|x64.Build.0 = Release|x64
		{79831B2F-A722-40CF-A0A5-CB2F5A451A88}.Debug|x64.ActiveCfg = Debug|x64
		{79831B2F-A722-40CF-A0A5-CB2F5A451A88}.Debug|x64.Build.0 = Debug|x64
		{79831B2F-A722-40CF-A0A5-CB2F5A451A88}.Release|x64.ActiveCfg = Release|x64
		{79831B2F-A722-40CF-A0A5-CB2F5A451A88}.Release|x64.Build.0 = Release|x64
	EndGlobalSection
	GlobalSection(SolutionProperties) = preSolution
		HideSolutionNode = FALSE
	EndGlobalSection
	GlobalSection(ExtensibilityGlobals) = postSolution
		SolutionGuid = {C3CE3B20-6852-45EA-9542-D1EA1E2EBCA5}
	EndGlobalSection
EndGlobal
